
Microsoft Visual Studio Solution File, Format Version 12.00
# Visual Studio Version 16
VisualStudioVersion = 16.0.30114.105
MinimumVisualStudioVersion = 10.0.40219.1
Project("{FAE04EC0-301F-11D3-BF4B-00C04F79EFBC}") = "Dictonary", "Dictonary\Dictonary.csproj", "{AECF1600-B0C0-4A8F-8091-A8CE71D2FB5B}"
EndProject
Global
	GlobalSection(SolutionConfigurationPlatforms) = preSolution
		Debug|Any CPU = Debug|Any CPU
		Release|Any CPU = Release|Any CPU
	EndGlobalSection
	GlobalSection(ProjectConfigurationPlatforms) = postSolution
		{AECF1600-B0C0-4A8F-8091-A8CE71D2FB5B}.Debug|Any CPU.ActiveCfg = Debug|Any CPU
		{AECF1600-B0C0-4A8F-8091-A8CE71D2FB5B}.Debug|Any CPU.Build.0 = Debug|Any CPU
		{AECF1600-B0C0-4A8F-8091-A8CE71D2FB5B}.Release|Any CPU.ActiveCfg = Release|Any CPU
		{AECF1600-B0C0-4A8F-8091-A8CE71D2FB5B}.Release|Any CPU.Build.0 = Release|Any CPU
	EndGlobalSection
	GlobalSection(SolutionProperties) = preSolution
		HideSolutionNode = FALSE
	EndGlobalSection
	GlobalSection(ExtensibilityGlobals) = postSolution
		SolutionGuid = {48300E33-13A2-4F7D-AC8D-1B01B548AFE7}
	EndGlobalSection
EndGlobal
